
Microsoft Visual Studio Solution File, Format Version 12.00
# Visual Studio Version 17
VisualStudioVersion = 17.0.31919.166
MinimumVisualStudioVersion = 10.0.40219.1
Project("{FAE04EC0-301F-11D3-BF4B-00C04F79EFBC}") = "Bomberman", "Bomberman\Bomberman.csproj", "{9088D492-A315-4701-BF98-67BE618E9252}"
EndProject
Global
	GlobalSection(SolutionConfigurationPlatforms) = preSolution
		Debug|Any CPU = Debug|Any CPU
		Release|Any CPU = Release|Any CPU
	EndGlobalSection
	GlobalSection(ProjectConfigurationPlatforms) = postSolution
		{9088D492-A315-4701-BF98-67BE618E9252}.Debug|Any CPU.ActiveCfg = Debug|Any CPU
		{9088D492-A315-4701-BF98-67BE618E9252}.Debug|Any CPU.Build.0 = Debug|Any CPU
		{9088D492-A315-4701-BF98-67BE618E9252}.Release|Any CPU.ActiveCfg = Release|Any CPU
		{9088D492-A315-4701-BF98-67BE618E9252}.Release|Any CPU.Build.0 = Release|Any CPU
	EndGlobalSection
	GlobalSection(SolutionProperties) = preSolution
		HideSolutionNode = FALSE
	EndGlobalSection
	GlobalSection(ExtensibilityGlobals) = postSolution
		SolutionGuid = {5FEB0264-5DED-421F-9BD2-B4785EB5A8C2}
	EndGlobalSection
EndGlobal
